
Microsoft Visual Studio Solution File, Format Version 12.00
# Visual Studio Version 16
VisualStudioVersion = 16.0.29911.84
MinimumVisualStudioVersion = 10.0.40219.1
Project("{9A19103F-16F7-4668-BE54-9A1E7A4F7556}") = "AgriCo.Core", "AgriCo.Core\AgriCo.Core.csproj", "{A769FE74-D50E-41EB-89FA-C33A630AD53A}"
EndProject
Project("{FAE04EC0-301F-11D3-BF4B-00C04F79EFBC}") = "AgriCo.Core.Tests", "AgriCo.Core.Tests\AgriCo.Core.Tests.csproj", "{0B6731D4-4C05-4DA0-949B-BB1065E62C6A}"
EndProject
Global
	GlobalSection(SolutionConfigurationPlatforms) = preSolution
		Debug|Any CPU = Debug|Any CPU
		Release|Any CPU = Release|Any CPU
	EndGlobalSection
	GlobalSection(ProjectConfigurationPlatforms) = postSolution
		{A769FE74-D50E-41EB-89FA-C33A630AD53A}.Debug|Any CPU.ActiveCfg = Debug|Any CPU
		{A769FE74-D50E-41EB-89FA-C33A630AD53A}.Debug|Any CPU.Build.0 = Debug|Any CPU
		{A769FE74-D50E-41EB-89FA-C33A630AD53A}.Release|Any CPU.ActiveCfg = Release|Any CPU
		{A769FE74-D50E-41EB-89FA-C33A630AD53A}.Release|Any CPU.Build.0 = Release|Any CPU
		{0B6731D4-4C05-4DA0-949B-BB1065E62C6A}.Debug|Any CPU.ActiveCfg = Debug|Any CPU
		{0B6731D4-4C05-4DA0-949B-BB1065E62C6A}.Debug|Any CPU.Build.0 = Debug|Any CPU
		{0B6731D4-4C05-4DA0-949B-BB1065E62C6A}.Release|Any CPU.ActiveCfg = Release|Any CPU
		{0B6731D4-4C05-4DA0-949B-BB1065E62C6A}.Release|Any CPU.Build.0 = Release|Any CPU
	EndGlobalSection
	GlobalSection(SolutionProperties) = preSolution
		HideSolutionNode = FALSE
	EndGlobalSection
	GlobalSection(ExtensibilityGlobals) = postSolution
		SolutionGuid = {B98BA6E4-E2C1-4AED-B72B-AA3104B7A487}
	EndGlobalSection
EndGlobal
