
Microsoft Visual Studio Solution File, Format Version 12.00
# Visual Studio Version 16
VisualStudioVersion = 16.0.29911.84
MinimumVisualStudioVersion = 10.0.40219.1
Project("{FAE04EC0-301F-11D3-BF4B-00C04F79EFBC}") = "AgriCo.Core", "AgriCo.Core\AgriCo.Core.csproj", "{A769FE74-D50E-41EB-89FA-C33A630AD53A}"
EndProject
Global
	GlobalSection(SolutionConfigurationPlatforms) = preSolution
		Debug|Any CPU = Debug|Any CPU
		Release|Any CPU = Release|Any CPU
	EndGlobalSection
	GlobalSection(ProjectConfigurationPlatforms) = postSolution
		{A769FE74-D50E-41EB-89FA-C33A630AD53A}.Debug|Any CPU.ActiveCfg = Debug|Any CPU
		{A769FE74-D50E-41EB-89FA-C33A630AD53A}.Debug|Any CPU.Build.0 = Debug|Any CPU
		{A769FE74-D50E-41EB-89FA-C33A630AD53A}.Release|Any CPU.ActiveCfg = Release|Any CPU
		{A769FE74-D50E-41EB-89FA-C33A630AD53A}.Release|Any CPU.Build.0 = Release|Any CPU
	EndGlobalSection
	GlobalSection(SolutionProperties) = preSolution
		HideSolutionNode = FALSE
	EndGlobalSection
	GlobalSection(ExtensibilityGlobals) = postSolution
		SolutionGuid = {B98BA6E4-E2C1-4AED-B72B-AA3104B7A487}
	EndGlobalSection
	GlobalSection(TeamFoundationVersionControl) = preSolution
		SccNumberOfProjects = 2
		SccEnterpriseProvider = {4CA58AB2-18FA-4F8D-95D4-32DDF27D184C}
		SccTeamFoundationServer = https://dev.azure.com/AgriCoFilRouge
		SccLocalPath0 = .
		SccProjectUniqueName1 = AgriCo.Core\\AgriCo.Core.csproj
		SccProjectName1 = AgriCo.Core
		SccLocalPath1 = AgriCo.Core
	EndGlobalSection
EndGlobal
